
Microsoft Visual Studio Solution File, Format Version 12.00
# Visual Studio Version 17
VisualStudioVersion = 17.6.33801.468
MinimumVisualStudioVersion = 10.0.40219.1
Project("{FAE04EC0-301F-11D3-BF4B-00C04F79EFBC}") = "Esercizio-4-Data_Coll-.NET", "Esercizio-4-Data_Coll-.NET\Esercizio-4-Data_Coll-.NET.csproj", "{309A6CB5-810B-4A47-8EBA-C5FED8558C06}"
EndProject
Global
	GlobalSection(SolutionConfigurationPlatforms) = preSolution
		Debug|Any CPU = Debug|Any CPU
		Release|Any CPU = Release|Any CPU
	EndGlobalSection
	GlobalSection(ProjectConfigurationPlatforms) = postSolution
		{309A6CB5-810B-4A47-8EBA-C5FED8558C06}.Debug|Any CPU.ActiveCfg = Debug|Any CPU
		{309A6CB5-810B-4A47-8EBA-C5FED8558C06}.Debug|Any CPU.Build.0 = Debug|Any CPU
		{309A6CB5-810B-4A47-8EBA-C5FED8558C06}.Release|Any CPU.ActiveCfg = Release|Any CPU
		{309A6CB5-810B-4A47-8EBA-C5FED8558C06}.Release|Any CPU.Build.0 = Release|Any CPU
	EndGlobalSection
	GlobalSection(SolutionProperties) = preSolution
		HideSolutionNode = FALSE
	EndGlobalSection
	GlobalSection(ExtensibilityGlobals) = postSolution
		SolutionGuid = {1C103A5C-1092-433A-956E-DAE40856B074}
	EndGlobalSection
EndGlobal
